
Microsoft Visual Studio Solution File, Format Version 12.00
# Visual Studio Version 17
VisualStudioVersion = 17.10.34916.146
MinimumVisualStudioVersion = 10.0.40219.1
Project("{FAE04EC0-301F-11D3-BF4B-00C04F79EFBC}") = "University Management", "University Management.csproj", "{B73857F3-2543-4EB2-A320-115BE8562F4C}"
EndProject
Global
	GlobalSection(SolutionConfigurationPlatforms) = preSolution
		Debug|Any CPU = Debug|Any CPU
		Release|Any CPU = Release|Any CPU
	EndGlobalSection
	GlobalSection(ProjectConfigurationPlatforms) = postSolution
		{B73857F3-2543-4EB2-A320-115BE8562F4C}.Debug|Any CPU.ActiveCfg = Debug|Any CPU
		{B73857F3-2543-4EB2-A320-115BE8562F4C}.Debug|Any CPU.Build.0 = Debug|Any CPU
		{B73857F3-2543-4EB2-A320-115BE8562F4C}.Release|Any CPU.ActiveCfg = Release|Any CPU
		{B73857F3-2543-4EB2-A320-115BE8562F4C}.Release|Any CPU.Build.0 = Release|Any CPU
	EndGlobalSection
	GlobalSection(SolutionProperties) = preSolution
		HideSolutionNode = FALSE
	EndGlobalSection
	GlobalSection(ExtensibilityGlobals) = postSolution
		SolutionGuid = {616D9B3A-428E-4E93-87C5-DCB230118E99}
	EndGlobalSection
EndGlobal
